// !$*UTF8*$!
{
	archiveVersion = 1;
	classes = {
	};
	objectVersion = 46;
	objects = {

/* Begin PBXBuildFile section */
		845D80A51C6F418800604B48 /* Constants.swift in Sources */ = {isa = PBXBuildFile; fileRef = 845D80A41C6F418800604B48 /* Constants.swift */; };
		845D80A71C6F441F00604B48 /* MusicVideo.swift in Sources */ = {isa = PBXBuildFile; fileRef = 845D80A61C6F441F00604B48 /* MusicVideo.swift */; };
		847876BF1C6C8D42006682B8 /* AppDelegate.swift in Sources */ = {isa = PBXBuildFile; fileRef = 847876BE1C6C8D42006682B8 /* AppDelegate.swift */; };
		847876C11C6C8D42006682B8 /* ViewController.swift in Sources */ = {isa = PBXBuildFile; fileRef = 847876C01C6C8D42006682B8 /* ViewController.swift */; };
		847876C41C6C8D42006682B8 /* Main.storyboard in Resources */ = {isa = PBXBuildFile; fileRef = 847876C21C6C8D42006682B8 /* Main.storyboard */; };
		847876C61C6C8D42006682B8 /* Assets.xcassets in Resources */ = {isa = PBXBuildFile; fileRef = 847876C51C6C8D42006682B8 /* Assets.xcassets */; };
		847876C91C6C8D42006682B8 /* LaunchScreen.storyboard in Resources */ = {isa = PBXBuildFile; fileRef = 847876C71C6C8D42006682B8 /* LaunchScreen.storyboard */; };
		847876D41C6C8D42006682B8 /* MusicVideoTests.swift in Sources */ = {isa = PBXBuildFile; fileRef = 847876D31C6C8D42006682B8 /* MusicVideoTests.swift */; };
		847876DF1C6C8D42006682B8 /* MusicVideoUITests.swift in Sources */ = {isa = PBXBuildFile; fileRef = 847876DE1C6C8D42006682B8 /* MusicVideoUITests.swift */; };
		847876EE1C6CCF5F006682B8 /* APIManager.swift in Sources */ = {isa = PBXBuildFile; fileRef = 847876ED1C6CCF5F006682B8 /* APIManager.swift */; };
		84BDA1D21C703654007D960C /* Reachability.m in Sources */ = {isa = PBXBuildFile; fileRef = 84BDA1D11C703654007D960C /* Reachability.m */; };
/* End PBXBuildFile section */

/* Begin PBXContainerItemProxy section */
		847876D01C6C8D42006682B8 /* PBXContainerItemProxy */ = {
			isa = PBXContainerItemProxy;
			containerPortal = 847876B31C6C8D42006682B8 /* Project object */;
			proxyType = 1;
			remoteGlobalIDString = 847876BA1C6C8D42006682B8;
			remoteInfo = MusicVideo;
		};
		847876DB1C6C8D42006682B8 /* PBXContainerItemProxy */ = {
			isa = PBXContainerItemProxy;
			containerPortal = 847876B31C6C8D42006682B8 /* Project object */;
			proxyType = 1;
			remoteGlobalIDString = 847876BA1C6C8D42006682B8;
			remoteInfo = MusicVideo;
		};
/* End PBXContainerItemProxy section */

/* Begin PBXFileReference section */
		845D80A41C6F418800604B48 /* Constants.swift */ = {isa = PBXFileReference; fileEncoding = 4; lastKnownFileType = sourcecode.swift; path = Constants.swift; sourceTree = "<group>"; };
		845D80A61C6F441F00604B48 /* MusicVideo.swift */ = {isa = PBXFileReference; fileEncoding = 4; lastKnownFileType = sourcecode.swift; path = MusicVideo.swift; sourceTree = "<group>"; };
		847876BB1C6C8D42006682B8 /* MusicVideo.app */ = {isa = PBXFileReference; explicitFileType = wrapper.application; includeInIndex = 0; path = MusicVideo.app; sourceTree = BUILT_PRODUCTS_DIR; };
		847876BE1C6C8D42006682B8 /* AppDelegate.swift */ = {isa = PBXFileReference; lastKnownFileType = sourcecode.swift; path = AppDelegate.swift; sourceTree = "<group>"; };
		847876C01C6C8D42006682B8 /* ViewController.swift */ = {isa = PBXFileReference; lastKnownFileType = sourcecode.swift; path = ViewController.swift; sourceTree = "<group>"; };
		847876C31C6C8D42006682B8 /* Base */ = {isa = PBXFileReference; lastKnownFileType = file.storyboard; name = Base; path = Base.lproj/Main.storyboard; sourceTree = "<group>"; };
		847876C51C6C8D42006682B8 /* Assets.xcassets */ = {isa = PBXFileReference; lastKnownFileType = folder.assetcatalog; path = Assets.xcassets; sourceTree = "<group>"; };
		847876C81C6C8D42006682B8 /* Base */ = {isa = PBXFileReference; lastKnownFileType = file.storyboard; name = Base; path = Base.lproj/LaunchScreen.storyboard; sourceTree = "<group>"; };
		847876CA1C6C8D42006682B8 /* Info.plist */ = {isa = PBXFileReference; lastKnownFileType = text.plist.xml; path = Info.plist; sourceTree = "<group>"; };
		847876CF1C6C8D42006682B8 /* MusicVideoTests.xctest */ = {isa = PBXFileReference; explicitFileType = wrapper.cfbundle; includeInIndex = 0; path = MusicVideoTests.xctest; sourceTree = BUILT_PRODUCTS_DIR; };
		847876D31C6C8D42006682B8 /* MusicVideoTests.swift */ = {isa = PBXFileReference; lastKnownFileType = sourcecode.swift; path = MusicVideoTests.swift; sourceTree = "<group>"; };
		847876D51C6C8D42006682B8 /* Info.plist */ = {isa = PBXFileReference; lastKnownFileType = text.plist.xml; path = Info.plist; sourceTree = "<group>"; };
		847876DA1C6C8D42006682B8 /* MusicVideoUITests.xctest */ = {isa = PBXFileReference; explicitFileType = wrapper.cfbundle; includeInIndex = 0; path = MusicVideoUITests.xctest; sourceTree = BUILT_PRODUCTS_DIR; };
		847876DE1C6C8D42006682B8 /* MusicVideoUITests.swift */ = {isa = PBXFileReference; lastKnownFileType = sourcecode.swift; path = MusicVideoUITests.swift; sourceTree = "<group>"; };
		847876E01C6C8D42006682B8 /* Info.plist */ = {isa = PBXFileReference; lastKnownFileType = text.plist.xml; path = Info.plist; sourceTree = "<group>"; };
		847876ED1C6CCF5F006682B8 /* APIManager.swift */ = {isa = PBXFileReference; fileEncoding = 4; lastKnownFileType = sourcecode.swift; path = APIManager.swift; sourceTree = "<group>"; };
		84BDA1CF1C703653007D960C /* MusicVideo-Bridging-Header.h */ = {isa = PBXFileReference; lastKnownFileType = sourcecode.c.h; path = "MusicVideo-Bridging-Header.h"; sourceTree = "<group>"; };
		84BDA1D01C703654007D960C /* Reachability.h */ = {isa = PBXFileReference; fileEncoding = 4; lastKnownFileType = sourcecode.c.h; path = Reachability.h; sourceTree = "<group>"; };
		84BDA1D11C703654007D960C /* Reachability.m */ = {isa = PBXFileReference; fileEncoding = 4; lastKnownFileType = sourcecode.c.objc; path = Reachability.m; sourceTree = "<group>"; };
/* End PBXFileReference section */

/* Begin PBXFrameworksBuildPhase section */
		847876B81C6C8D42006682B8 /* Frameworks */ = {
			isa = PBXFrameworksBuildPhase;
			buildActionMask = 2147483647;
			files = (
			);
			runOnlyForDeploymentPostprocessing = 0;
		};
		847876CC1C6C8D42006682B8 /* Frameworks */ = {
			isa = PBXFrameworksBuildPhase;
			buildActionMask = 2147483647;
			files = (
			);
			runOnlyForDeploymentPostprocessing = 0;
		};
		847876D71C6C8D42006682B8 /* Frameworks */ = {
			isa = PBXFrameworksBuildPhase;
			buildActionMask = 2147483647;
			files = (
			);
			runOnlyForDeploymentPostprocessing = 0;
		};
/* End PBXFrameworksBuildPhase section */

/* Begin PBXGroup section */
		845D80A31C6F416600604B48 /* Utils */ = {
			isa = PBXGroup;
			children = (
				845D80A41C6F418800604B48 /* Constants.swift */,
			);
			name = Utils;
			sourceTree = "<group>";
		};
		847876B21C6C8D42006682B8 = {
			isa = PBXGroup;
			children = (
				847876BD1C6C8D42006682B8 /* MusicVideo */,
				847876D21C6C8D42006682B8 /* MusicVideoTests */,
				847876DD1C6C8D42006682B8 /* MusicVideoUITests */,
				847876BC1C6C8D42006682B8 /* Products */,
			);
			sourceTree = "<group>";
		};
		847876BC1C6C8D42006682B8 /* Products */ = {
			isa = PBXGroup;
			children = (
				847876BB1C6C8D42006682B8 /* MusicVideo.app */,
				847876CF1C6C8D42006682B8 /* MusicVideoTests.xctest */,
				847876DA1C6C8D42006682B8 /* MusicVideoUITests.xctest */,
			);
			name = Products;
			sourceTree = "<group>";
		};
		847876BD1C6C8D42006682B8 /* MusicVideo */ = {
			isa = PBXGroup;
			children = (
				84BDA1CE1C703556007D960C /* Obj-C */,
				845D80A31C6F416600604B48 /* Utils */,
				847876EC1C6CCF39006682B8 /* Model */,
				847876BE1C6C8D42006682B8 /* AppDelegate.swift */,
				847876C01C6C8D42006682B8 /* ViewController.swift */,
				847876C21C6C8D42006682B8 /* Main.storyboard */,
				847876C51C6C8D42006682B8 /* Assets.xcassets */,
				847876C71C6C8D42006682B8 /* LaunchScreen.storyboard */,
				847876CA1C6C8D42006682B8 /* Info.plist */,
			);
			path = MusicVideo;
			sourceTree = "<group>";
		};
		847876D21C6C8D42006682B8 /* MusicVideoTests */ = {
			isa = PBXGroup;
			children = (
				847876D31C6C8D42006682B8 /* MusicVideoTests.swift */,
				847876D51C6C8D42006682B8 /* Info.plist */,
			);
			path = MusicVideoTests;
			sourceTree = "<group>";
		};
		847876DD1C6C8D42006682B8 /* MusicVideoUITests */ = {
			isa = PBXGroup;
			children = (
				847876DE1C6C8D42006682B8 /* MusicVideoUITests.swift */,
				847876E01C6C8D42006682B8 /* Info.plist */,
			);
			path = MusicVideoUITests;
			sourceTree = "<group>";
		};
		847876EC1C6CCF39006682B8 /* Model */ = {
			isa = PBXGroup;
			children = (
				847876ED1C6CCF5F006682B8 /* APIManager.swift */,
				845D80A61C6F441F00604B48 /* MusicVideo.swift */,
			);
			name = Model;
			sourceTree = "<group>";
		};
		84BDA1CE1C703556007D960C /* Obj-C */ = {
			isa = PBXGroup;
			children = (
				84BDA1D01C703654007D960C /* Reachability.h */,
				84BDA1D11C703654007D960C /* Reachability.m */,
				84BDA1CF1C703653007D960C /* MusicVideo-Bridging-Header.h */,
			);
			name = "Obj-C";
			sourceTree = "<group>";
		};
/* End PBXGroup section */

/* Begin PBXNativeTarget section */
		847876BA1C6C8D42006682B8 /* MusicVideo */ = {
			isa = PBXNativeTarget;
			buildConfigurationList = 847876E31C6C8D42006682B8 /* Build configuration list for PBXNativeTarget "MusicVideo" */;
			buildPhases = (
				847876B71C6C8D42006682B8 /* Sources */,
				847876B81C6C8D42006682B8 /* Frameworks */,
				847876B91C6C8D42006682B8 /* Resources */,
			);
			buildRules = (
			);
			dependencies = (
			);
			name = MusicVideo;
			productName = MusicVideo;
			productReference = 847876BB1C6C8D42006682B8 /* MusicVideo.app */;
			productType = "com.apple.product-type.application";
		};
		847876CE1C6C8D42006682B8 /* MusicVideoTests */ = {
			isa = PBXNativeTarget;
			buildConfigurationList = 847876E61C6C8D42006682B8 /* Build configuration list for PBXNativeTarget "MusicVideoTests" */;
			buildPhases = (
				847876CB1C6C8D42006682B8 /* Sources */,
				847876CC1C6C8D42006682B8 /* Frameworks */,
				847876CD1C6C8D42006682B8 /* Resources */,
			);
			buildRules = (
			);
			dependencies = (
				847876D11C6C8D42006682B8 /* PBXTargetDependency */,
			);
			name = MusicVideoTests;
			productName = MusicVideoTests;
			productReference = 847876CF1C6C8D42006682B8 /* MusicVideoTests.xctest */;
			productType = "com.apple.product-type.bundle.unit-test";
		};
		847876D91C6C8D42006682B8 /* MusicVideoUITests */ = {
			isa = PBXNativeTarget;
			buildConfigurationList = 847876E91C6C8D42006682B8 /* Build configuration list for PBXNativeTarget "MusicVideoUITests" */;
			buildPhases = (
				847876D61C6C8D42006682B8 /* Sources */,
				847876D71C6C8D42006682B8 /* Frameworks */,
				847876D81C6C8D42006682B8 /* Resources */,
			);
			buildRules = (
			);
			dependencies = (
				847876DC1C6C8D42006682B8 /* PBXTargetDependency */,
			);
			name = MusicVideoUITests;
			productName = MusicVideoUITests;
			productReference = 847876DA1C6C8D42006682B8 /* MusicVideoUITests.xctest */;
			productType = "com.apple.product-type.bundle.ui-testing";
		};
/* End PBXNativeTarget section */

/* Begin PBXProject section */
		847876B31C6C8D42006682B8 /* Project object */ = {
			isa = PBXProject;
			attributes = {
				LastSwiftUpdateCheck = 0720;
				LastUpgradeCheck = 0720;
				ORGANIZATIONNAME = Admin;
				TargetAttributes = {
					847876BA1C6C8D42006682B8 = {
						CreatedOnToolsVersion = 7.2.1;
						DevelopmentTeam = XTHM4855C9;
					};
					847876CE1C6C8D42006682B8 = {
						CreatedOnToolsVersion = 7.2.1;
						DevelopmentTeam = XTHM4855C9;
						TestTargetID = 847876BA1C6C8D42006682B8;
					};
					847876D91C6C8D42006682B8 = {
						CreatedOnToolsVersion = 7.2.1;
						DevelopmentTeam = XTHM4855C9;
						TestTargetID = 847876BA1C6C8D42006682B8;
					};
				};
			};
			buildConfigurationList = 847876B61C6C8D42006682B8 /* Build configuration list for PBXProject "MusicVideo" */;
			compatibilityVersion = "Xcode 3.2";
			developmentRegion = English;
			hasScannedForEncodings = 0;
			knownRegions = (
				en,
				Base,
			);
			mainGroup = 847876B21C6C8D42006682B8;
			productRefGroup = 847876BC1C6C8D42006682B8 /* Products */;
			projectDirPath = "";
			projectRoot = "";
			targets = (
				847876BA1C6C8D42006682B8 /* MusicVideo */,
				847876CE1C6C8D42006682B8 /* MusicVideoTests */,
				847876D91C6C8D42006682B8 /* MusicVideoUITests */,
			);
		};
/* End PBXProject section */

/* Begin PBXResourcesBuildPhase section */
		847876B91C6C8D42006682B8 /* Resources */ = {
			isa = PBXResourcesBuildPhase;
			buildActionMask = 2147483647;
			files = (
				847876C91C6C8D42006682B8 /* LaunchScreen.storyboard in Resources */,
				847876C61C6C8D42006682B8 /* Assets.xcassets in Resources */,
				847876C41C6C8D42006682B8 /* Main.storyboard in Resources */,
			);
			runOnlyForDeploymentPostprocessing = 0;
		};
		847876CD1C6C8D42006682B8 /* Resources */ = {
			isa = PBXResourcesBuildPhase;
			buildActionMask = 2147483647;
			files = (
			);
			runOnlyForDeploymentPostprocessing = 0;
		};
		847876D81C6C8D42006682B8 /* Resources */ = {
			isa = PBXResourcesBuildPhase;
			buildActionMask = 2147483647;
			files = (
			);
			runOnlyForDeploymentPostprocessing = 0;
		};
/* End PBXResourcesBuildPhase section */

/* Begin PBXSourcesBuildPhase section */
		847876B71C6C8D42006682B8 /* Sources */ = {
			isa = PBXSourcesBuildPhase;
			buildActionMask = 2147483647;
			files = (
				847876EE1C6CCF5F006682B8 /* APIManager.swift in Sources */,
				847876C11C6C8D42006682B8 /* ViewController.swift in Sources */,
				845D80A71C6F441F00604B48 /* MusicVideo.swift in Sources */,
				847876BF1C6C8D42006682B8 /* AppDelegate.swift in Sources */,
				84BDA1D21C703654007D960C /* Reachability.m in Sources */,
				845D80A51C6F418800604B48 /* Constants.swift in Sources */,
			);
			runOnlyForDeploymentPostprocessing = 0;
		};
		847876CB1C6C8D42006682B8 /* Sources */ = {
			isa = PBXSourcesBuildPhase;
			buildActionMask = 2147483647;
			files = (
				847876D41C6C8D42006682B8 /* MusicVideoTests.swift in Sources */,
			);
			runOnlyForDeploymentPostprocessing = 0;
		};
		847876D61C6C8D42006682B8 /* Sources */ = {
			isa = PBXSourcesBuildPhase;
			buildActionMask = 2147483647;
			files = (
				847876DF1C6C8D42006682B8 /* MusicVideoUITests.swift in Sources */,
			);
			runOnlyForDeploymentPostprocessing = 0;
		};
/* End PBXSourcesBuildPhase section */

/* Begin PBXTargetDependency section */
		847876D11C6C8D42006682B8 /* PBXTargetDependency */ = {
			isa = PBXTargetDependency;
			target = 847876BA1C6C8D42006682B8 /* MusicVideo */;
			targetProxy = 847876D01C6C8D42006682B8 /* PBXContainerItemProxy */;
		};
		847876DC1C6C8D42006682B8 /* PBXTargetDependency */ = {
			isa = PBXTargetDependency;
			target = 847876BA1C6C8D42006682B8 /* MusicVideo */;
			targetProxy = 847876DB1C6C8D42006682B8 /* PBXContainerItemProxy */;
		};
/* End PBXTargetDependency section */

/* Begin PBXVariantGroup section */
		847876C21C6C8D42006682B8 /* Main.storyboard */ = {
			isa = PBXVariantGroup;
			children = (
				847876C31C6C8D42006682B8 /* Base */,
			);
			name = Main.storyboard;
			sourceTree = "<group>";
		};
		847876C71C6C8D42006682B8 /* LaunchScreen.storyboard */ = {
			isa = PBXVariantGroup;
			children = (
				847876C81C6C8D42006682B8 /* Base */,
			);
			name = LaunchScreen.storyboard;
			sourceTree = "<group>";
		};
/* End PBXVariantGroup section */

/* Begin XCBuildConfiguration section */
		847876E11C6C8D42006682B8 /* Debug */ = {
			isa = XCBuildConfiguration;
			buildSettings = {
				ALWAYS_SEARCH_USER_PATHS = NO;
				CLANG_CXX_LANGUAGE_STANDARD = "gnu++0x";
				CLANG_CXX_LIBRARY = "libc++";
				CLANG_ENABLE_MODULES = YES;
				CLANG_ENABLE_OBJC_ARC = YES;
				CLANG_WARN_BOOL_CONVERSION = YES;
				CLANG_WARN_CONSTANT_CONVERSION = YES;
				CLANG_WARN_DIRECT_OBJC_ISA_USAGE = YES_ERROR;
				CLANG_WARN_EMPTY_BODY = YES;
				CLANG_WARN_ENUM_CONVERSION = YES;
				CLANG_WARN_INT_CONVERSION = YES;
				CLANG_WARN_OBJC_ROOT_CLASS = YES_ERROR;
				CLANG_WARN_UNREACHABLE_CODE = YES;
				CLANG_WARN__DUPLICATE_METHOD_MATCH = YES;
				"CODE_SIGN_IDENTITY[sdk=iphoneos*]" = "iPhone Developer";
				COPY_PHASE_STRIP = NO;
				DEBUG_INFORMATION_FORMAT = dwarf;
				ENABLE_STRICT_OBJC_MSGSEND = YES;
				ENABLE_TESTABILITY = YES;
				GCC_C_LANGUAGE_STANDARD = gnu99;
				GCC_DYNAMIC_NO_PIC = NO;
				GCC_NO_COMMON_BLOCKS = YES;
				GCC_OPTIMIZATION_LEVEL = 0;
				GCC_PREPROCESSOR_DEFINITIONS = (
					"DEBUG=1",
					"$(inherited)",
				);
				GCC_WARN_64_TO_32_BIT_CONVERSION = YES;
				GCC_WARN_ABOUT_RETURN_TYPE = YES_ERROR;
				GCC_WARN_UNDECLARED_SELECTOR = YES;
				GCC_WARN_UNINITIALIZED_AUTOS = YES_AGGRESSIVE;
				GCC_WARN_UNUSED_FUNCTION = YES;
				GCC_WARN_UNUSED_VARIABLE = YES;
				IPHONEOS_DEPLOYMENT_TARGET = 9.2;
				MTL_ENABLE_DEBUG_INFO = YES;
				ONLY_ACTIVE_ARCH = YES;
				SDKROOT = iphoneos;
				SWIFT_OPTIMIZATION_LEVEL = "-Onone";
				TARGETED_DEVICE_FAMILY = "1,2";
			};
			name = Debug;
		};
		847876E21C6C8D42006682B8 /* Release */ = {
			isa = XCBuildConfiguration;
			buildSettings = {
				ALWAYS_SEARCH_USER_PATHS = NO;
				CLANG_CXX_LANGUAGE_STANDARD = "gnu++0x";
				CLANG_CXX_LIBRARY = "libc++";
				CLANG_ENABLE_MODULES = YES;
				CLANG_ENABLE_OBJC_ARC = YES;
				CLANG_WARN_BOOL_CONVERSION = YES;
				CLANG_WARN_CONSTANT_CONVERSION = YES;
				CLANG_WARN_DIRECT_OBJC_ISA_USAGE = YES_ERROR;
				CLANG_WARN_EMPTY_BODY = YES;
				CLANG_WARN_ENUM_CONVERSION = YES;
				CLANG_WARN_INT_CONVERSION = YES;
				CLANG_WARN_OBJC_ROOT_CLASS = YES_ERROR;
				CLANG_WARN_UNREACHABLE_CODE = YES;
				CLANG_WARN__DUPLICATE_METHOD_MATCH = YES;
				"CODE_SIGN_IDENTITY[sdk=iphoneos*]" = "iPhone Developer";
				COPY_PHASE_STRIP = NO;
				DEBUG_INFORMATION_FORMAT = "dwarf-with-dsym";
				ENABLE_NS_ASSERTIONS = NO;
				ENABLE_STRICT_OBJC_MSGSEND = YES;
				GCC_C_LANGUAGE_STANDARD = gnu99;
				GCC_NO_COMMON_BLOCKS = YES;
				GCC_WARN_64_TO_32_BIT_CONVERSION = YES;
				GCC_WARN_ABOUT_RETURN_TYPE = YES_ERROR;
				GCC_WARN_UNDECLARED_SELECTOR = YES;
				GCC_WARN_UNINITIALIZED_AUTOS = YES_AGGRESSIVE;
				GCC_WARN_UNUSED_FUNCTION = YES;
				GCC_WARN_UNUSED_VARIABLE = YES;
				IPHONEOS_DEPLOYMENT_TARGET = 9.2;
				MTL_ENABLE_DEBUG_INFO = NO;
				SDKROOT = iphoneos;
				TARGETED_DEVICE_FAMILY = "1,2";
				VALIDATE_PRODUCT = YES;
			};
			name = Release;
		};
		847876E41C6C8D42006682B8 /* Debug */ = {
			isa = XCBuildConfiguration;
			buildSettings = {
				ASSETCATALOG_COMPILER_APPICON_NAME = AppIcon;
				CLANG_ENABLE_MODULES = YES;
				INFOPLIST_FILE = MusicVideo/Info.plist;
				LD_RUNPATH_SEARCH_PATHS = "$(inherited) @executable_path/Frameworks";
				PRODUCT_BUNDLE_IDENTIFIER = com.lok.MusicVideo;
				PRODUCT_NAME = "$(TARGET_NAME)";
				SWIFT_OBJC_BRIDGING_HEADER = "MusicVideo/MusicVideo-Bridging-Header.h";
				SWIFT_OPTIMIZATION_LEVEL = "-Onone";
			};
			name = Debug;
		};
		847876E51C6C8D42006682B8 /* Release */ = {
			isa = XCBuildConfiguration;
			buildSettings = {
				ASSETCATALOG_COMPILER_APPICON_NAME = AppIcon;
				CLANG_ENABLE_MODULES = YES;
				INFOPLIST_FILE = MusicVideo/Info.plist;
				LD_RUNPATH_SEARCH_PATHS = "$(inherited) @executable_path/Frameworks";
				PRODUCT_BUNDLE_IDENTIFIER = com.lok.MusicVideo;
				PRODUCT_NAME = "$(TARGET_NAME)";
				SWIFT_OBJC_BRIDGING_HEADER = "MusicVideo/MusicVideo-Bridging-Header.h";
			};
			name = Release;
		};
		847876E71C6C8D42006682B8 /* Debug */ = {
			isa = XCBuildConfiguration;
			buildSettings = {
				BUNDLE_LOADER = "$(TEST_HOST)";
				INFOPLIST_FILE = MusicVideoTests/Info.plist;
				LD_RUNPATH_SEARCH_PATHS = "$(inherited) @executable_path/Frameworks @loader_path/Frameworks";
				PRODUCT_BUNDLE_IDENTIFIER = com.lok.MusicVideoTests;
				PRODUCT_NAME = "$(TARGET_NAME)";
				TEST_HOST = "$(BUILT_PRODUCTS_DIR)/MusicVideo.app/MusicVideo";
			};
			name = Debug;
		};
		847876E81C6C8D42006682B8 /* Release */ = {
			isa = XCBuildConfiguration;
			buildSettings = {
				BUNDLE_LOADER = "$(TEST_HOST)";
				INFOPLIST_FILE = MusicVideoTests/Info.plist;
				LD_RUNPATH_SEARCH_PATHS = "$(inherited) @executable_path/Frameworks @loader_path/Frameworks";
				PRODUCT_BUNDLE_IDENTIFIER = com.lok.MusicVideoTests;
				PRODUCT_NAME = "$(TARGET_NAME)";
				TEST_HOST = "$(BUILT_PRODUCTS_DIR)/MusicVideo.app/MusicVideo";
			};
			name = Release;
		};
		847876EA1C6C8D42006682B8 /* Debug */ = {
			isa = XCBuildConfiguration;
			buildSettings = {
				INFOPLIST_FILE = MusicVideoUITests/Info.plist;
				LD_RUNPATH_SEARCH_PATHS = "$(inherited) @executable_path/Frameworks @loader_path/Frameworks";
				PRODUCT_BUNDLE_IDENTIFIER = com.lok.MusicVideoUITests;
				PRODUCT_NAME = "$(TARGET_NAME)";
				TEST_TARGET_NAME = MusicVideo;
				USES_XCTRUNNER = YES;
			};
			name = Debug;
		};
		847876EB1C6C8D42006682B8 /* Release */ = {
			isa = XCBuildConfiguration;
			buildSettings = {
				INFOPLIST_FILE = MusicVideoUITests/Info.plist;
				LD_RUNPATH_SEARCH_PATHS = "$(inherited) @executable_path/Frameworks @loader_path/Frameworks";
				PRODUCT_BUNDLE_IDENTIFIER = com.lok.MusicVideoUITests;
				PRODUCT_NAME = "$(TARGET_NAME)";
				TEST_TARGET_NAME = MusicVideo;
				USES_XCTRUNNER = YES;
			};
			name = Release;
		};
/* End XCBuildConfiguration section */

/* Begin XCConfigurationList section */
		847876B61C6C8D42006682B8 /* Build configuration list for PBXProject "MusicVideo" */ = {
			isa = XCConfigurationList;
			buildConfigurations = (
				847876E11C6C8D42006682B8 /* Debug */,
				847876E21C6C8D42006682B8 /* Release */,
			);
			defaultConfigurationIsVisible = 0;
			defaultConfigurationName = Release;
		};
		847876E31C6C8D42006682B8 /* Build configuration list for PBXNativeTarget "MusicVideo" */ = {
			isa = XCConfigurationList;
			buildConfigurations = (
				847876E41C6C8D42006682B8 /* Debug */,
				847876E51C6C8D42006682B8 /* Release */,
			);
			defaultConfigurationIsVisible = 0;
			defaultConfigurationName = Release;
		};
		847876E61C6C8D42006682B8 /* Build configuration list for PBXNativeTarget "MusicVideoTests" */ = {
			isa = XCConfigurationList;
			buildConfigurations = (
				847876E71C6C8D42006682B8 /* Debug */,
				847876E81C6C8D42006682B8 /* Release */,
			);
			defaultConfigurationIsVisible = 0;
			defaultConfigurationName = Release;
		};
		847876E91C6C8D42006682B8 /* Build configuration list for PBXNativeTarget "MusicVideoUITests" */ = {
			isa = XCConfigurationList;
			buildConfigurations = (
				847876EA1C6C8D42006682B8 /* Debug */,
				847876EB1C6C8D42006682B8 /* Release */,
			);
			defaultConfigurationIsVisible = 0;
			defaultConfigurationName = Release;
		};
/* End XCConfigurationList section */
	};
	rootObject = 847876B31C6C8D42006682B8 /* Project object */;
}
